// !$*UTF8*$!
{
	archiveVersion = 1;
	classes = {
	};
	objectVersion = 55;
	objects = {

/* Begin PBXBuildFile section */
		AB2BE88B2873814B002100B0 /* AppDelegate.swift in Sources */ = {isa = PBXBuildFile; fileRef = AB2BE88A2873814B002100B0 /* AppDelegate.swift */; };
		AB2BE88D2873814B002100B0 /* SceneDelegate.swift in Sources */ = {isa = PBXBuildFile; fileRef = AB2BE88C2873814B002100B0 /* SceneDelegate.swift */; };
		AB2BE88F2873814B002100B0 /* CategoriesViewController.swift in Sources */ = {isa = PBXBuildFile; fileRef = AB2BE88E2873814B002100B0 /* CategoriesViewController.swift */; };
		AB2BE8922873814B002100B0 /* Main.storyboard in Resources */ = {isa = PBXBuildFile; fileRef = AB2BE8902873814B002100B0 /* Main.storyboard */; };
		AB2BE8942873814C002100B0 /* Assets.xcassets in Resources */ = {isa = PBXBuildFile; fileRef = AB2BE8932873814C002100B0 /* Assets.xcassets */; };
		AB2BE8972873814C002100B0 /* LaunchScreen.storyboard in Resources */ = {isa = PBXBuildFile; fileRef = AB2BE8952873814C002100B0 /* LaunchScreen.storyboard */; };
		AB2BE89F287381B7002100B0 /* MenuController.swift in Sources */ = {isa = PBXBuildFile; fileRef = AB2BE89E287381B7002100B0 /* MenuController.swift */; };
		AB2BE8A128738268002100B0 /* Data+prettyPrintedJSONString().swift in Sources */ = {isa = PBXBuildFile; fileRef = AB2BE8A028738268002100B0 /* Data+prettyPrintedJSONString().swift */; };
		AB2BE8A5287384FC002100B0 /* MenuItem.swift in Sources */ = {isa = PBXBuildFile; fileRef = AB2BE8A4287384FC002100B0 /* MenuItem.swift */; };
		AB2BE8AE2873865F002100B0 /* Order.swift in Sources */ = {isa = PBXBuildFile; fileRef = AB2BE8AD2873865F002100B0 /* Order.swift */; };
		AB370D6728746FF800337D10 /* ResponseModels.swift in Sources */ = {isa = PBXBuildFile; fileRef = AB370D6628746FF800337D10 /* ResponseModels.swift */; };
		AB5FBDF128771A7200AFBA0B /* MenuItemTableViewCell.swift in Sources */ = {isa = PBXBuildFile; fileRef = AB5FBDF028771A7200AFBA0B /* MenuItemTableViewCell.swift */; };
		AB78D6F52876808A00154490 /* OrderConfirmationViewController.swift in Sources */ = {isa = PBXBuildFile; fileRef = AB78D6F42876808A00154490 /* OrderConfirmationViewController.swift */; };
		AB7B0F2C2873BE750087EBD1 /* MenuItemsViewController.swift in Sources */ = {isa = PBXBuildFile; fileRef = AB7B0F2B2873BE750087EBD1 /* MenuItemsViewController.swift */; };
		AB7B0F2E2873BE860087EBD1 /* DetailViewController.swift in Sources */ = {isa = PBXBuildFile; fileRef = AB7B0F2D2873BE860087EBD1 /* DetailViewController.swift */; };
		AB7B0F302873BECB0087EBD1 /* OrderViewController.swift in Sources */ = {isa = PBXBuildFile; fileRef = AB7B0F2F2873BECB0087EBD1 /* OrderViewController.swift */; };
/* End PBXBuildFile section */

/* Begin PBXFileReference section */
		AB2BE8872873814B002100B0 /* Restaurant.app */ = {isa = PBXFileReference; explicitFileType = wrapper.application; includeInIndex = 0; path = Restaurant.app; sourceTree = BUILT_PRODUCTS_DIR; };
		AB2BE88A2873814B002100B0 /* AppDelegate.swift */ = {isa = PBXFileReference; lastKnownFileType = sourcecode.swift; path = AppDelegate.swift; sourceTree = "<group>"; };
		AB2BE88C2873814B002100B0 /* SceneDelegate.swift */ = {isa = PBXFileReference; lastKnownFileType = sourcecode.swift; path = SceneDelegate.swift; sourceTree = "<group>"; };
		AB2BE88E2873814B002100B0 /* CategoriesViewController.swift */ = {isa = PBXFileReference; lastKnownFileType = sourcecode.swift; path = CategoriesViewController.swift; sourceTree = "<group>"; };
		AB2BE8912873814B002100B0 /* Base */ = {isa = PBXFileReference; lastKnownFileType = file.storyboard; name = Base; path = Base.lproj/Main.storyboard; sourceTree = "<group>"; };
		AB2BE8932873814C002100B0 /* Assets.xcassets */ = {isa = PBXFileReference; lastKnownFileType = folder.assetcatalog; path = Assets.xcassets; sourceTree = "<group>"; };
		AB2BE8962873814C002100B0 /* Base */ = {isa = PBXFileReference; lastKnownFileType = file.storyboard; name = Base; path = Base.lproj/LaunchScreen.storyboard; sourceTree = "<group>"; };
		AB2BE8982873814C002100B0 /* Info.plist */ = {isa = PBXFileReference; lastKnownFileType = text.plist.xml; path = Info.plist; sourceTree = "<group>"; };
		AB2BE89E287381B7002100B0 /* MenuController.swift */ = {isa = PBXFileReference; lastKnownFileType = sourcecode.swift; path = MenuController.swift; sourceTree = "<group>"; };
		AB2BE8A028738268002100B0 /* Data+prettyPrintedJSONString().swift */ = {isa = PBXFileReference; fileEncoding = 4; lastKnownFileType = sourcecode.swift; path = "Data+prettyPrintedJSONString().swift"; sourceTree = "<group>"; };
		AB2BE8A4287384FC002100B0 /* MenuItem.swift */ = {isa = PBXFileReference; lastKnownFileType = sourcecode.swift; path = MenuItem.swift; sourceTree = "<group>"; };
		AB2BE8AD2873865F002100B0 /* Order.swift */ = {isa = PBXFileReference; lastKnownFileType = sourcecode.swift; path = Order.swift; sourceTree = "<group>"; };
		AB370D6628746FF800337D10 /* ResponseModels.swift */ = {isa = PBXFileReference; lastKnownFileType = sourcecode.swift; path = ResponseModels.swift; sourceTree = "<group>"; };
		AB5FBDF028771A7200AFBA0B /* MenuItemTableViewCell.swift */ = {isa = PBXFileReference; lastKnownFileType = sourcecode.swift; path = MenuItemTableViewCell.swift; sourceTree = "<group>"; };
		AB78D6F42876808A00154490 /* OrderConfirmationViewController.swift */ = {isa = PBXFileReference; lastKnownFileType = sourcecode.swift; path = OrderConfirmationViewController.swift; sourceTree = "<group>"; };
		AB7B0F2B2873BE750087EBD1 /* MenuItemsViewController.swift */ = {isa = PBXFileReference; lastKnownFileType = sourcecode.swift; path = MenuItemsViewController.swift; sourceTree = "<group>"; };
		AB7B0F2D2873BE860087EBD1 /* DetailViewController.swift */ = {isa = PBXFileReference; lastKnownFileType = sourcecode.swift; path = DetailViewController.swift; sourceTree = "<group>"; };
		AB7B0F2F2873BECB0087EBD1 /* OrderViewController.swift */ = {isa = PBXFileReference; lastKnownFileType = sourcecode.swift; path = OrderViewController.swift; sourceTree = "<group>"; };
/* End PBXFileReference section */

/* Begin PBXFrameworksBuildPhase section */
		AB2BE8842873814B002100B0 /* Frameworks */ = {
			isa = PBXFrameworksBuildPhase;
			buildActionMask = 2147483647;
			files = (
			);
			runOnlyForDeploymentPostprocessing = 0;
		};
/* End PBXFrameworksBuildPhase section */

/* Begin PBXGroup section */
		AB2BE87E2873814B002100B0 = {
			isa = PBXGroup;
			children = (
				AB2BE8892873814B002100B0 /* Restaurant */,
				AB2BE8882873814B002100B0 /* Products */,
			);
			sourceTree = "<group>";
		};
		AB2BE8882873814B002100B0 /* Products */ = {
			isa = PBXGroup;
			children = (
				AB2BE8872873814B002100B0 /* Restaurant.app */,
			);
			name = Products;
			sourceTree = "<group>";
		};
		AB2BE8892873814B002100B0 /* Restaurant */ = {
			isa = PBXGroup;
			children = (
				AB2BE88A2873814B002100B0 /* AppDelegate.swift */,
				AB2BE88C2873814B002100B0 /* SceneDelegate.swift */,
				AB2BE8902873814B002100B0 /* Main.storyboard */,
				AB2BE8952873814C002100B0 /* LaunchScreen.storyboard */,
				AB2BE8A8287385B4002100B0 /* Model */,
				AB7B0F312873C5350087EBD1 /* View */,
				AB2BE8A9287385C2002100B0 /* Controller */,
				AB2BE8AA287385D1002100B0 /* Extensions */,
				AB2BE8932873814C002100B0 /* Assets.xcassets */,
				AB2BE8982873814C002100B0 /* Info.plist */,
			);
			path = Restaurant;
			sourceTree = "<group>";
		};
		AB2BE8A8287385B4002100B0 /* Model */ = {
			isa = PBXGroup;
			children = (
				AB370D6628746FF800337D10 /* ResponseModels.swift */,
				AB2BE8A4287384FC002100B0 /* MenuItem.swift */,
				AB2BE8AD2873865F002100B0 /* Order.swift */,
			);
			path = Model;
			sourceTree = "<group>";
		};
		AB2BE8A9287385C2002100B0 /* Controller */ = {
			isa = PBXGroup;
			children = (
				AB2BE89E287381B7002100B0 /* MenuController.swift */,
				AB2BE88E2873814B002100B0 /* CategoriesViewController.swift */,
				AB7B0F2B2873BE750087EBD1 /* MenuItemsViewController.swift */,
				AB7B0F2D2873BE860087EBD1 /* DetailViewController.swift */,
				AB7B0F2F2873BECB0087EBD1 /* OrderViewController.swift */,
				AB78D6F42876808A00154490 /* OrderConfirmationViewController.swift */,
			);
			path = Controller;
			sourceTree = "<group>";
		};
		AB2BE8AA287385D1002100B0 /* Extensions */ = {
			isa = PBXGroup;
			children = (
				AB2BE8A028738268002100B0 /* Data+prettyPrintedJSONString().swift */,
			);
			path = Extensions;
			sourceTree = "<group>";
		};
		AB7B0F312873C5350087EBD1 /* View */ = {
			isa = PBXGroup;
			children = (
				AB5FBDF028771A7200AFBA0B /* MenuItemTableViewCell.swift */,
			);
			path = View;
			sourceTree = "<group>";
		};
/* End PBXGroup section */

/* Begin PBXNativeTarget section */
		AB2BE8862873814B002100B0 /* Restaurant */ = {
			isa = PBXNativeTarget;
			buildConfigurationList = AB2BE89B2873814C002100B0 /* Build configuration list for PBXNativeTarget "Restaurant" */;
			buildPhases = (
				AB2BE8832873814B002100B0 /* Sources */,
				AB2BE8842873814B002100B0 /* Frameworks */,
				AB2BE8852873814B002100B0 /* Resources */,
				ABA28B3A2875C6DD006F7866 /* ShellScript */,
			);
			buildRules = (
			);
			dependencies = (
			);
			name = Restaurant;
			productName = Restaurant;
			productReference = AB2BE8872873814B002100B0 /* Restaurant.app */;
			productType = "com.apple.product-type.application";
		};
/* End PBXNativeTarget section */

/* Begin PBXProject section */
		AB2BE87F2873814B002100B0 /* Project object */ = {
			isa = PBXProject;
			attributes = {
				BuildIndependentTargetsInParallel = 1;
				LastSwiftUpdateCheck = 1340;
				LastUpgradeCheck = 1340;
				TargetAttributes = {
					AB2BE8862873814B002100B0 = {
						CreatedOnToolsVersion = 13.4.1;
					};
				};
			};
			buildConfigurationList = AB2BE8822873814B002100B0 /* Build configuration list for PBXProject "Restaurant" */;
			compatibilityVersion = "Xcode 13.0";
			developmentRegion = en;
			hasScannedForEncodings = 0;
			knownRegions = (
				en,
				Base,
			);
			mainGroup = AB2BE87E2873814B002100B0;
			productRefGroup = AB2BE8882873814B002100B0 /* Products */;
			projectDirPath = "";
			projectRoot = "";
			targets = (
				AB2BE8862873814B002100B0 /* Restaurant */,
			);
		};
/* End PBXProject section */

/* Begin PBXResourcesBuildPhase section */
		AB2BE8852873814B002100B0 /* Resources */ = {
			isa = PBXResourcesBuildPhase;
			buildActionMask = 2147483647;
			files = (
				AB2BE8972873814C002100B0 /* LaunchScreen.storyboard in Resources */,
				AB2BE8942873814C002100B0 /* Assets.xcassets in Resources */,
				AB2BE8922873814B002100B0 /* Main.storyboard in Resources */,
			);
			runOnlyForDeploymentPostprocessing = 0;
		};
/* End PBXResourcesBuildPhase section */

/* Begin PBXShellScriptBuildPhase section */
		ABA28B3A2875C6DD006F7866 /* ShellScript */ = {
			isa = PBXShellScriptBuildPhase;
			buildActionMask = 2147483647;
			files = (
			);
			inputFileListPaths = (
			);
			inputPaths = (
			);
			outputFileListPaths = (
			);
			outputPaths = (
			);
			runOnlyForDeploymentPostprocessing = 0;
			shellPath = /bin/sh;
			shellScript = "if test -d \"/opt/homebrew/bin/\"; then\n  PATH=\"/opt/homebrew/bin/:${PATH}\"\nfi\n\nexport PATH\n\nif which swiftlint >/dev/null; then\n  swiftlint\nelse\n  echo \"warning: SwiftLint not installed, download from https://github.com/realm/SwiftLint\"\nfi\n";
		};
/* End PBXShellScriptBuildPhase section */

/* Begin PBXSourcesBuildPhase section */
		AB2BE8832873814B002100B0 /* Sources */ = {
			isa = PBXSourcesBuildPhase;
			buildActionMask = 2147483647;
			files = (
				AB2BE8A5287384FC002100B0 /* MenuItem.swift in Sources */,
				AB2BE8AE2873865F002100B0 /* Order.swift in Sources */,
				AB7B0F2E2873BE860087EBD1 /* DetailViewController.swift in Sources */,
				AB2BE88F2873814B002100B0 /* CategoriesViewController.swift in Sources */,
				AB78D6F52876808A00154490 /* OrderConfirmationViewController.swift in Sources */,
				AB2BE89F287381B7002100B0 /* MenuController.swift in Sources */,
				AB2BE88B2873814B002100B0 /* AppDelegate.swift in Sources */,
				AB2BE88D2873814B002100B0 /* SceneDelegate.swift in Sources */,
				AB2BE8A128738268002100B0 /* Data+prettyPrintedJSONString().swift in Sources */,
				AB7B0F302873BECB0087EBD1 /* OrderViewController.swift in Sources */,
				AB7B0F2C2873BE750087EBD1 /* MenuItemsViewController.swift in Sources */,
				AB5FBDF128771A7200AFBA0B /* MenuItemTableViewCell.swift in Sources */,
				AB370D6728746FF800337D10 /* ResponseModels.swift in Sources */,
			);
			runOnlyForDeploymentPostprocessing = 0;
		};
/* End PBXSourcesBuildPhase section */

/* Begin PBXVariantGroup section */
		AB2BE8902873814B002100B0 /* Main.storyboard */ = {
			isa = PBXVariantGroup;
			children = (
				AB2BE8912873814B002100B0 /* Base */,
			);
			name = Main.storyboard;
			sourceTree = "<group>";
		};
		AB2BE8952873814C002100B0 /* LaunchScreen.storyboard */ = {
			isa = PBXVariantGroup;
			children = (
				AB2BE8962873814C002100B0 /* Base */,
			);
			name = LaunchScreen.storyboard;
			sourceTree = "<group>";
		};
/* End PBXVariantGroup section */

/* Begin XCBuildConfiguration section */
		AB2BE8992873814C002100B0 /* Debug */ = {
			isa = XCBuildConfiguration;
			buildSettings = {
				ALWAYS_SEARCH_USER_PATHS = NO;
				CLANG_ANALYZER_NONNULL = YES;
				CLANG_ANALYZER_NUMBER_OBJECT_CONVERSION = YES_AGGRESSIVE;
				CLANG_CXX_LANGUAGE_STANDARD = "gnu++17";
				CLANG_ENABLE_MODULES = YES;
				CLANG_ENABLE_OBJC_ARC = YES;
				CLANG_ENABLE_OBJC_WEAK = YES;
				CLANG_WARN_BLOCK_CAPTURE_AUTORELEASING = YES;
				CLANG_WARN_BOOL_CONVERSION = YES;
				CLANG_WARN_COMMA = YES;
				CLANG_WARN_CONSTANT_CONVERSION = YES;
				CLANG_WARN_DEPRECATED_OBJC_IMPLEMENTATIONS = YES;
				CLANG_WARN_DIRECT_OBJC_ISA_USAGE = YES_ERROR;
				CLANG_WARN_DOCUMENTATION_COMMENTS = YES;
				CLANG_WARN_EMPTY_BODY = YES;
				CLANG_WARN_ENUM_CONVERSION = YES;
				CLANG_WARN_INFINITE_RECURSION = YES;
				CLANG_WARN_INT_CONVERSION = YES;
				CLANG_WARN_NON_LITERAL_NULL_CONVERSION = YES;
				CLANG_WARN_OBJC_IMPLICIT_RETAIN_SELF = YES;
				CLANG_WARN_OBJC_LITERAL_CONVERSION = YES;
				CLANG_WARN_OBJC_ROOT_CLASS = YES_ERROR;
				CLANG_WARN_QUOTED_INCLUDE_IN_FRAMEWORK_HEADER = YES;
				CLANG_WARN_RANGE_LOOP_ANALYSIS = YES;
				CLANG_WARN_STRICT_PROTOTYPES = YES;
				CLANG_WARN_SUSPICIOUS_MOVE = YES;
				CLANG_WARN_UNGUARDED_AVAILABILITY = YES_AGGRESSIVE;
				CLANG_WARN_UNREACHABLE_CODE = YES;
				CLANG_WARN__DUPLICATE_METHOD_MATCH = YES;
				COPY_PHASE_STRIP = NO;
				DEBUG_INFORMATION_FORMAT = dwarf;
				ENABLE_STRICT_OBJC_MSGSEND = YES;
				ENABLE_TESTABILITY = YES;
				GCC_C_LANGUAGE_STANDARD = gnu11;
				GCC_DYNAMIC_NO_PIC = NO;
				GCC_NO_COMMON_BLOCKS = YES;
				GCC_OPTIMIZATION_LEVEL = 0;
				GCC_PREPROCESSOR_DEFINITIONS = (
					"DEBUG=1",
					"$(inherited)",
				);
				GCC_WARN_64_TO_32_BIT_CONVERSION = YES;
				GCC_WARN_ABOUT_RETURN_TYPE = YES_ERROR;
				GCC_WARN_UNDECLARED_SELECTOR = YES;
				GCC_WARN_UNINITIALIZED_AUTOS = YES_AGGRESSIVE;
				GCC_WARN_UNUSED_FUNCTION = YES;
				GCC_WARN_UNUSED_VARIABLE = YES;
				IPHONEOS_DEPLOYMENT_TARGET = 15.5;
				MTL_ENABLE_DEBUG_INFO = INCLUDE_SOURCE;
				MTL_FAST_MATH = YES;
				ONLY_ACTIVE_ARCH = YES;
				SDKROOT = iphoneos;
				SWIFT_ACTIVE_COMPILATION_CONDITIONS = DEBUG;
				SWIFT_OPTIMIZATION_LEVEL = "-Onone";
			};
			name = Debug;
		};
		AB2BE89A2873814C002100B0 /* Release */ = {
			isa = XCBuildConfiguration;
			buildSettings = {
				ALWAYS_SEARCH_USER_PATHS = NO;
				CLANG_ANALYZER_NONNULL = YES;
				CLANG_ANALYZER_NUMBER_OBJECT_CONVERSION = YES_AGGRESSIVE;
				CLANG_CXX_LANGUAGE_STANDARD = "gnu++17";
				CLANG_ENABLE_MODULES = YES;
				CLANG_ENABLE_OBJC_ARC = YES;
				CLANG_ENABLE_OBJC_WEAK = YES;
				CLANG_WARN_BLOCK_CAPTURE_AUTORELEASING = YES;
				CLANG_WARN_BOOL_CONVERSION = YES;
				CLANG_WARN_COMMA = YES;
				CLANG_WARN_CONSTANT_CONVERSION = YES;
				CLANG_WARN_DEPRECATED_OBJC_IMPLEMENTATIONS = YES;
				CLANG_WARN_DIRECT_OBJC_ISA_USAGE = YES_ERROR;
				CLANG_WARN_DOCUMENTATION_COMMENTS = YES;
				CLANG_WARN_EMPTY_BODY = YES;
				CLANG_WARN_ENUM_CONVERSION = YES;
				CLANG_WARN_INFINITE_RECURSION = YES;
				CLANG_WARN_INT_CONVERSION = YES;
				CLANG_WARN_NON_LITERAL_NULL_CONVERSION = YES;
				CLANG_WARN_OBJC_IMPLICIT_RETAIN_SELF = YES;
				CLANG_WARN_OBJC_LITERAL_CONVERSION = YES;
				CLANG_WARN_OBJC_ROOT_CLASS = YES_ERROR;
				CLANG_WARN_QUOTED_INCLUDE_IN_FRAMEWORK_HEADER = YES;
				CLANG_WARN_RANGE_LOOP_ANALYSIS = YES;
				CLANG_WARN_STRICT_PROTOTYPES = YES;
				CLANG_WARN_SUSPICIOUS_MOVE = YES;
				CLANG_WARN_UNGUARDED_AVAILABILITY = YES_AGGRESSIVE;
				CLANG_WARN_UNREACHABLE_CODE = YES;
				CLANG_WARN__DUPLICATE_METHOD_MATCH = YES;
				COPY_PHASE_STRIP = NO;
				DEBUG_INFORMATION_FORMAT = "dwarf-with-dsym";
				ENABLE_NS_ASSERTIONS = NO;
				ENABLE_STRICT_OBJC_MSGSEND = YES;
				GCC_C_LANGUAGE_STANDARD = gnu11;
				GCC_NO_COMMON_BLOCKS = YES;
				GCC_WARN_64_TO_32_BIT_CONVERSION = YES;
				GCC_WARN_ABOUT_RETURN_TYPE = YES_ERROR;
				GCC_WARN_UNDECLARED_SELECTOR = YES;
				GCC_WARN_UNINITIALIZED_AUTOS = YES_AGGRESSIVE;
				GCC_WARN_UNUSED_FUNCTION = YES;
				GCC_WARN_UNUSED_VARIABLE = YES;
				IPHONEOS_DEPLOYMENT_TARGET = 15.5;
				MTL_ENABLE_DEBUG_INFO = NO;
				MTL_FAST_MATH = YES;
				SDKROOT = iphoneos;
				SWIFT_COMPILATION_MODE = wholemodule;
				SWIFT_OPTIMIZATION_LEVEL = "-O";
				VALIDATE_PRODUCT = YES;
			};
			name = Release;
		};
		AB2BE89C2873814C002100B0 /* Debug */ = {
			isa = XCBuildConfiguration;
			buildSettings = {
				ASSETCATALOG_COMPILER_APPICON_NAME = AppIcon;
				ASSETCATALOG_COMPILER_GLOBAL_ACCENT_COLOR_NAME = AccentColor;
				CODE_SIGN_STYLE = Automatic;
				CURRENT_PROJECT_VERSION = 1;
				DEVELOPMENT_TEAM = 9LT5ZRK64X;
				GENERATE_INFOPLIST_FILE = YES;
				INFOPLIST_FILE = Restaurant/Info.plist;
				INFOPLIST_KEY_UIApplicationSupportsIndirectInputEvents = YES;
				INFOPLIST_KEY_UILaunchStoryboardName = LaunchScreen;
				INFOPLIST_KEY_UISupportedInterfaceOrientations_iPad = "UIInterfaceOrientationPortrait UIInterfaceOrientationPortraitUpsideDown UIInterfaceOrientationLandscapeLeft UIInterfaceOrientationLandscapeRight";
				INFOPLIST_KEY_UISupportedInterfaceOrientations_iPhone = "UIInterfaceOrientationPortrait UIInterfaceOrientationLandscapeLeft UIInterfaceOrientationLandscapeRight";
				LD_RUNPATH_SEARCH_PATHS = (
					"$(inherited)",
					"@executable_path/Frameworks",
				);
				MARKETING_VERSION = 1.0;
				PRODUCT_BUNDLE_IDENTIFIER = com.julianmichaeltechnologies.Restaurant;
				PRODUCT_NAME = "$(TARGET_NAME)";
				SWIFT_EMIT_LOC_STRINGS = YES;
				SWIFT_VERSION = 5.0;
				TARGETED_DEVICE_FAMILY = "1,2";
			};
			name = Debug;
		};
		AB2BE89D2873814C002100B0 /* Release */ = {
			isa = XCBuildConfiguration;
			buildSettings = {
				ASSETCATALOG_COMPILER_APPICON_NAME = AppIcon;
				ASSETCATALOG_COMPILER_GLOBAL_ACCENT_COLOR_NAME = AccentColor;
				CODE_SIGN_STYLE = Automatic;
				CURRENT_PROJECT_VERSION = 1;
				DEVELOPMENT_TEAM = 9LT5ZRK64X;
				GENERATE_INFOPLIST_FILE = YES;
				INFOPLIST_FILE = Restaurant/Info.plist;
				INFOPLIST_KEY_UIApplicationSupportsIndirectInputEvents = YES;
				INFOPLIST_KEY_UILaunchStoryboardName = LaunchScreen;
				INFOPLIST_KEY_UISupportedInterfaceOrientations_iPad = "UIInterfaceOrientationPortrait UIInterfaceOrientationPortraitUpsideDown UIInterfaceOrientationLandscapeLeft UIInterfaceOrientationLandscapeRight";
				INFOPLIST_KEY_UISupportedInterfaceOrientations_iPhone = "UIInterfaceOrientationPortrait UIInterfaceOrientationLandscapeLeft UIInterfaceOrientationLandscapeRight";
				LD_RUNPATH_SEARCH_PATHS = (
					"$(inherited)",
					"@executable_path/Frameworks",
				);
				MARKETING_VERSION = 1.0;
				PRODUCT_BUNDLE_IDENTIFIER = com.julianmichaeltechnologies.Restaurant;
				PRODUCT_NAME = "$(TARGET_NAME)";
				SWIFT_EMIT_LOC_STRINGS = YES;
				SWIFT_VERSION = 5.0;
				TARGETED_DEVICE_FAMILY = "1,2";
			};
			name = Release;
		};
/* End XCBuildConfiguration section */

/* Begin XCConfigurationList section */
		AB2BE8822873814B002100B0 /* Build configuration list for PBXProject "Restaurant" */ = {
			isa = XCConfigurationList;
			buildConfigurations = (
				AB2BE8992873814C002100B0 /* Debug */,
				AB2BE89A2873814C002100B0 /* Release */,
			);
			defaultConfigurationIsVisible = 0;
			defaultConfigurationName = Release;
		};
		AB2BE89B2873814C002100B0 /* Build configuration list for PBXNativeTarget "Restaurant" */ = {
			isa = XCConfigurationList;
			buildConfigurations = (
				AB2BE89C2873814C002100B0 /* Debug */,
				AB2BE89D2873814C002100B0 /* Release */,
			);
			defaultConfigurationIsVisible = 0;
			defaultConfigurationName = Release;
		};
/* End XCConfigurationList section */
	};
	rootObject = AB2BE87F2873814B002100B0 /* Project object */;
}
